
Microsoft Visual Studio Solution File, Format Version 12.00
# Visual Studio Version 17
VisualStudioVersion = 17.14.36310.24 d17.14
MinimumVisualStudioVersion = 10.0.40219.1
Project("{2150E333-8FDC-42A3-9474-1A3956D46DE8}") = "src", "src", "{02EA681E-C7D8-13C7-8484-4AC65E1B71E8}"
EndProject
Project("{2150E333-8FDC-42A3-9474-1A3956D46DE8}") = "01-Domain", "01-Domain", "{015CCF92-08B6-4718-88C5-FE5A5F1565B3}"
EndProject
Project("{2150E333-8FDC-42A3-9474-1A3956D46DE8}") = "02-Infrastructures", "02-Infrastructures", "{0E1257C7-6819-477A-9F90-EFCBBCCC13C7}"
EndProject
Project("{2150E333-8FDC-42A3-9474-1A3956D46DE8}") = "03-EndPoints", "03-EndPoints", "{A1D9BFAD-905C-4998-A435-433396A51B2E}"
EndProject
Project("{2150E333-8FDC-42A3-9474-1A3956D46DE8}") = "Core", "Core", "{756C1A28-1F60-454A-87F7-071419425CE5}"
EndProject
Project("{2150E333-8FDC-42A3-9474-1A3956D46DE8}") = "Services", "Services", "{16B88500-E5E2-468E-90C9-AF4358B5F5CF}"
EndProject
Project("{FAE04EC0-301F-11D3-BF4B-00C04F79EFBC}") = "App.Domain.Core", "App.Domain.Core\App.Domain.Core.csproj", "{BEC5B322-3B1F-4168-88AF-DC9C76219CC9}"
EndProject
Project("{FAE04EC0-301F-11D3-BF4B-00C04F79EFBC}") = "App.Domain.Services", "App.Domain.Services\App.Domain.Services.csproj", "{313507A0-F69D-4924-AC7A-FA09134A8F63}"
EndProject
Project("{FAE04EC0-301F-11D3-BF4B-00C04F79EFBC}") = "App.Domain.AppServices", "App.Domain.AppServices\App.Domain.AppServices.csproj", "{916004A6-BBFA-46C2-9D68-D3DA3AFCF5EF}"
EndProject
Project("{2150E333-8FDC-42A3-9474-1A3956D46DE8}") = "DataAccess", "DataAccess", "{436E3CDA-55BF-4158-9112-598D3AABD56F}"
EndProject
Project("{2150E333-8FDC-42A3-9474-1A3956D46DE8}") = "Db", "Db", "{E6069430-0348-4CEF-82EF-328B954F23E7}"
EndProject
Project("{FAE04EC0-301F-11D3-BF4B-00C04F79EFBC}") = "App.Infra.Data.Repos.Ef", "App.Infra.Data.Repos.Ef\App.Infra.Data.Repos.Ef.csproj", "{6338CAF6-DB5B-4ED1-AD72-062E7CAA0165}"
EndProject
Project("{FAE04EC0-301F-11D3-BF4B-00C04F79EFBC}") = "App.Infra.Data.Db.SqlServer.Ef", "App.Infra.Data.Db.SqlServer.Ef\App.Infra.Data.Db.SqlServer.Ef.csproj", "{C8439D45-7F6D-4CC0-8DF1-3ACB45A3B7BB}"
EndProject
Project("{FAE04EC0-301F-11D3-BF4B-00C04F79EFBC}") = "App.WebApi", "App.WebApi\App.WebApi.csproj", "{ECB935E2-178C-448A-980D-AB1056CCC8DC}"
EndProject
Global
	GlobalSection(SolutionConfigurationPlatforms) = preSolution
		Debug|Any CPU = Debug|Any CPU
		Release|Any CPU = Release|Any CPU
	EndGlobalSection
	GlobalSection(ProjectConfigurationPlatforms) = postSolution
		{BEC5B322-3B1F-4168-88AF-DC9C76219CC9}.Debug|Any CPU.ActiveCfg = Debug|Any CPU
		{BEC5B322-3B1F-4168-88AF-DC9C76219CC9}.Debug|Any CPU.Build.0 = Debug|Any CPU
		{BEC5B322-3B1F-4168-88AF-DC9C76219CC9}.Release|Any CPU.ActiveCfg = Release|Any CPU
		{BEC5B322-3B1F-4168-88AF-DC9C76219CC9}.Release|Any CPU.Build.0 = Release|Any CPU
		{313507A0-F69D-4924-AC7A-FA09134A8F63}.Debug|Any CPU.ActiveCfg = Debug|Any CPU
		{313507A0-F69D-4924-AC7A-FA09134A8F63}.Debug|Any CPU.Build.0 = Debug|Any CPU
		{313507A0-F69D-4924-AC7A-FA09134A8F63}.Release|Any CPU.ActiveCfg = Release|Any CPU
		{313507A0-F69D-4924-AC7A-FA09134A8F63}.Release|Any CPU.Build.0 = Release|Any CPU
		{916004A6-BBFA-46C2-9D68-D3DA3AFCF5EF}.Debug|Any CPU.ActiveCfg = Debug|Any CPU
		{916004A6-BBFA-46C2-9D68-D3DA3AFCF5EF}.Debug|Any CPU.Build.0 = Debug|Any CPU
		{916004A6-BBFA-46C2-9D68-D3DA3AFCF5EF}.Release|Any CPU.ActiveCfg = Release|Any CPU
		{916004A6-BBFA-46C2-9D68-D3DA3AFCF5EF}.Release|Any CPU.Build.0 = Release|Any CPU
		{6338CAF6-DB5B-4ED1-AD72-062E7CAA0165}.Debug|Any CPU.ActiveCfg = Debug|Any CPU
		{6338CAF6-DB5B-4ED1-AD72-062E7CAA0165}.Debug|Any CPU.Build.0 = Debug|Any CPU
		{6338CAF6-DB5B-4ED1-AD72-062E7CAA0165}.Release|Any CPU.ActiveCfg = Release|Any CPU
		{6338CAF6-DB5B-4ED1-AD72-062E7CAA0165}.Release|Any CPU.Build.0 = Release|Any CPU
		{C8439D45-7F6D-4CC0-8DF1-3ACB45A3B7BB}.Debug|Any CPU.ActiveCfg = Debug|Any CPU
		{C8439D45-7F6D-4CC0-8DF1-3ACB45A3B7BB}.Debug|Any CPU.Build.0 = Debug|Any CPU
		{C8439D45-7F6D-4CC0-8DF1-3ACB45A3B7BB}.Release|Any CPU.ActiveCfg = Release|Any CPU
		{C8439D45-7F6D-4CC0-8DF1-3ACB45A3B7BB}.Release|Any CPU.Build.0 = Release|Any CPU
		{ECB935E2-178C-448A-980D-AB1056CCC8DC}.Debug|Any CPU.ActiveCfg = Debug|Any CPU
		{ECB935E2-178C-448A-980D-AB1056CCC8DC}.Debug|Any CPU.Build.0 = Debug|Any CPU
		{ECB935E2-178C-448A-980D-AB1056CCC8DC}.Release|Any CPU.ActiveCfg = Release|Any CPU
		{ECB935E2-178C-448A-980D-AB1056CCC8DC}.Release|Any CPU.Build.0 = Release|Any CPU
	EndGlobalSection
	GlobalSection(SolutionProperties) = preSolution
		HideSolutionNode = FALSE
	EndGlobalSection
	GlobalSection(NestedProjects) = preSolution
		{015CCF92-08B6-4718-88C5-FE5A5F1565B3} = {02EA681E-C7D8-13C7-8484-4AC65E1B71E8}
		{0E1257C7-6819-477A-9F90-EFCBBCCC13C7} = {02EA681E-C7D8-13C7-8484-4AC65E1B71E8}
		{A1D9BFAD-905C-4998-A435-433396A51B2E} = {02EA681E-C7D8-13C7-8484-4AC65E1B71E8}
		{756C1A28-1F60-454A-87F7-071419425CE5} = {015CCF92-08B6-4718-88C5-FE5A5F1565B3}
		{16B88500-E5E2-468E-90C9-AF4358B5F5CF} = {015CCF92-08B6-4718-88C5-FE5A5F1565B3}
		{BEC5B322-3B1F-4168-88AF-DC9C76219CC9} = {756C1A28-1F60-454A-87F7-071419425CE5}
		{313507A0-F69D-4924-AC7A-FA09134A8F63} = {16B88500-E5E2-468E-90C9-AF4358B5F5CF}
		{916004A6-BBFA-46C2-9D68-D3DA3AFCF5EF} = {16B88500-E5E2-468E-90C9-AF4358B5F5CF}
		{436E3CDA-55BF-4158-9112-598D3AABD56F} = {0E1257C7-6819-477A-9F90-EFCBBCCC13C7}
		{E6069430-0348-4CEF-82EF-328B954F23E7} = {0E1257C7-6819-477A-9F90-EFCBBCCC13C7}
		{6338CAF6-DB5B-4ED1-AD72-062E7CAA0165} = {436E3CDA-55BF-4158-9112-598D3AABD56F}
		{C8439D45-7F6D-4CC0-8DF1-3ACB45A3B7BB} = {E6069430-0348-4CEF-82EF-328B954F23E7}
		{ECB935E2-178C-448A-980D-AB1056CCC8DC} = {A1D9BFAD-905C-4998-A435-433396A51B2E}
	EndGlobalSection
	GlobalSection(ExtensibilityGlobals) = postSolution
		SolutionGuid = {2EE1FCFB-3522-4CFF-9CCE-67C423EF31F3}
	EndGlobalSection
EndGlobal
